# This file is automatically @generated by Cargo.
# It is not intended for manual editing.
version = 4

[[package]]
name = "doria-cli"
version = "0.1.0"

[[package]]
name = "doria-core"
version = "0.1.0"

[[package]]
name = "doria-scanner"
version = "0.1.0"

[[package]]
name = "doria-types"
version = "0.1.0"
